{"1.1.0",
[{<<"cowboy">>,{pkg,<<"cowboy">>,<<"2.7.0">>},0},
 {<<"cowlib">>,{pkg,<<"cowlib">>,<<"2.8.0">>},1},
 {<<"iso8601">>,{pkg,<<"iso8601">>,<<"1.3.1">>},0},
 {<<"mochiweb">>,{pkg,<<"mochiweb">>,<<"2.20.1">>},0},
 {<<"mysql">>,{pkg,<<"mysql">>,<<"1.6.0">>},0},
 {<<"ranch">>,{pkg,<<"ranch">>,<<"1.7.1">>},1}]}.
[
{pkg_hash,[
 {<<"cowboy">>, <<"91ED100138A764355F43316B1D23D7FF6BDB0DE4EA618CB5D8677C93A7A2F115">>},
 {<<"cowlib">>, <<"FD0FF1787DB84AC415B8211573E9A30A3EBE71B5CBFF7F720089972B2319C8A4">>},
 {<<"iso8601">>, <<"D1CEE73F56D71C35590C6B2DB2074873BF410BABAAB768F6EA566366D8CA4810">>},
 {<<"mochiweb">>, <<"E4DBD0ED716F076366ECF62ADA5755A844E1D95C781E8C77DF1D4114BE868CDF">>},
 {<<"mysql">>, <<"F7858A8BAB3DEB21684161F3A557DFC9698B1E212DCFCD182F89F93AEA740431">>},
 {<<"ranch">>, <<"6B1FAB51B49196860B733A49C07604465A47BDB78AA10C1C16A3D199F7F8C881">>}]}
].
